
Microsoft Visual Studio Solution File, Format Version 12.00
# Visual Studio 15
VisualStudioVersion = 15.0.28307.102
MinimumVisualStudioVersion = 10.0.40219.1
Project("{FAE04EC0-301F-11D3-BF4B-00C04F79EFBC}") = "2-Less-12.02.19", "2-Less-12.02.19\2-Less-12.02.19.csproj", "{016E3C12-45AD-46EA-BCF5-51A741F0FC75}"
EndProject
Global
	GlobalSection(SolutionConfigurationPlatforms) = preSolution
		Debug|Any CPU = Debug|Any CPU
		Release|Any CPU = Release|Any CPU
	EndGlobalSection
	GlobalSection(ProjectConfigurationPlatforms) = postSolution
		{016E3C12-45AD-46EA-BCF5-51A741F0FC75}.Debug|Any CPU.ActiveCfg = Debug|Any CPU
		{016E3C12-45AD-46EA-BCF5-51A741F0FC75}.Debug|Any CPU.Build.0 = Debug|Any CPU
		{016E3C12-45AD-46EA-BCF5-51A741F0FC75}.Release|Any CPU.ActiveCfg = Release|Any CPU
		{016E3C12-45AD-46EA-BCF5-51A741F0FC75}.Release|Any CPU.Build.0 = Release|Any CPU
	EndGlobalSection
	GlobalSection(SolutionProperties) = preSolution
		HideSolutionNode = FALSE
	EndGlobalSection
	GlobalSection(ExtensibilityGlobals) = postSolution
		SolutionGuid = {AEA2784C-36D5-46D9-9533-9E371AE18D5E}
	EndGlobalSection
EndGlobal
